
Microsoft Visual Studio Solution File, Format Version 12.00
# Visual Studio 15
VisualStudioVersion = 15.0.28307.705
MinimumVisualStudioVersion = 10.0.40219.1
Project("{9A19103F-16F7-4668-BE54-9A1E7A4F7556}") = "排序", "排序\排序.csproj", "{BE87A460-EFDE-4208-8780-34337A078332}"
EndProject
Project("{9A19103F-16F7-4668-BE54-9A1E7A4F7556}") = "二分法", "二分法\二分法.csproj", "{B28E86AE-81FC-4E56-9752-3CA61E256946}"
EndProject
Project("{9A19103F-16F7-4668-BE54-9A1E7A4F7556}") = "递归", "递归\递归.csproj", "{12987C61-260A-4635-804D-6ECBC0B3E9F9}"
EndProject
Global
	GlobalSection(SolutionConfigurationPlatforms) = preSolution
		Debug|Any CPU = Debug|Any CPU
		Release|Any CPU = Release|Any CPU
	EndGlobalSection
	GlobalSection(ProjectConfigurationPlatforms) = postSolution
		{BE87A460-EFDE-4208-8780-34337A078332}.Debug|Any CPU.ActiveCfg = Debug|Any CPU
		{BE87A460-EFDE-4208-8780-34337A078332}.Debug|Any CPU.Build.0 = Debug|Any CPU
		{BE87A460-EFDE-4208-8780-34337A078332}.Release|Any CPU.ActiveCfg = Release|Any CPU
		{BE87A460-EFDE-4208-8780-34337A078332}.Release|Any CPU.Build.0 = Release|Any CPU
		{B28E86AE-81FC-4E56-9752-3CA61E256946}.Debug|Any CPU.ActiveCfg = Debug|Any CPU
		{B28E86AE-81FC-4E56-9752-3CA61E256946}.Debug|Any CPU.Build.0 = Debug|Any CPU
		{B28E86AE-81FC-4E56-9752-3CA61E256946}.Release|Any CPU.ActiveCfg = Release|Any CPU
		{B28E86AE-81FC-4E56-9752-3CA61E256946}.Release|Any CPU.Build.0 = Release|Any CPU
		{12987C61-260A-4635-804D-6ECBC0B3E9F9}.Debug|Any CPU.ActiveCfg = Debug|Any CPU
		{12987C61-260A-4635-804D-6ECBC0B3E9F9}.Debug|Any CPU.Build.0 = Debug|Any CPU
		{12987C61-260A-4635-804D-6ECBC0B3E9F9}.Release|Any CPU.ActiveCfg = Release|Any CPU
		{12987C61-260A-4635-804D-6ECBC0B3E9F9}.Release|Any CPU.Build.0 = Release|Any CPU
	EndGlobalSection
	GlobalSection(SolutionProperties) = preSolution
		HideSolutionNode = FALSE
	EndGlobalSection
	GlobalSection(ExtensibilityGlobals) = postSolution
		SolutionGuid = {61BC25CB-935A-4D55-986E-C3B58D044E25}
	EndGlobalSection
EndGlobal
